
Microsoft Visual Studio Solution File, Format Version 12.00
# Visual Studio Version 17
VisualStudioVersion = 17.1.32210.238
MinimumVisualStudioVersion = 10.0.40219.1
Project("{FAE04EC0-301F-11D3-BF4B-00C04F79EFBC}") = "Composite", "Composite\Composite.csproj", "{483EA200-AA84-48C1-BAA6-3ED255779835}"
EndProject
Global
	GlobalSection(SolutionConfigurationPlatforms) = preSolution
		Debug|Any CPU = Debug|Any CPU
		Release|Any CPU = Release|Any CPU
	EndGlobalSection
	GlobalSection(ProjectConfigurationPlatforms) = postSolution
		{483EA200-AA84-48C1-BAA6-3ED255779835}.Debug|Any CPU.ActiveCfg = Debug|Any CPU
		{483EA200-AA84-48C1-BAA6-3ED255779835}.Debug|Any CPU.Build.0 = Debug|Any CPU
		{483EA200-AA84-48C1-BAA6-3ED255779835}.Release|Any CPU.ActiveCfg = Release|Any CPU
		{483EA200-AA84-48C1-BAA6-3ED255779835}.Release|Any CPU.Build.0 = Release|Any CPU
	EndGlobalSection
	GlobalSection(SolutionProperties) = preSolution
		HideSolutionNode = FALSE
	EndGlobalSection
	GlobalSection(ExtensibilityGlobals) = postSolution
		SolutionGuid = {85083621-60E1-457F-94DC-5CAC403A4D7B}
	EndGlobalSection
EndGlobal
