
Microsoft Visual Studio Solution File, Format Version 12.00
# Visual Studio Version 17
VisualStudioVersion = 17.1.32210.238
MinimumVisualStudioVersion = 10.0.40219.1
Project("{FAE04EC0-301F-11D3-BF4B-00C04F79EFBC}") = "Builder", "Builder\Builder.csproj", "{01DFCA6F-3E4E-4CA5-B445-392C598B407E}"
EndProject
Global
	GlobalSection(SolutionConfigurationPlatforms) = preSolution
		Debug|Any CPU = Debug|Any CPU
		Release|Any CPU = Release|Any CPU
	EndGlobalSection
	GlobalSection(ProjectConfigurationPlatforms) = postSolution
		{01DFCA6F-3E4E-4CA5-B445-392C598B407E}.Debug|Any CPU.ActiveCfg = Debug|Any CPU
		{01DFCA6F-3E4E-4CA5-B445-392C598B407E}.Debug|Any CPU.Build.0 = Debug|Any CPU
		{01DFCA6F-3E4E-4CA5-B445-392C598B407E}.Release|Any CPU.ActiveCfg = Release|Any CPU
		{01DFCA6F-3E4E-4CA5-B445-392C598B407E}.Release|Any CPU.Build.0 = Release|Any CPU
	EndGlobalSection
	GlobalSection(SolutionProperties) = preSolution
		HideSolutionNode = FALSE
	EndGlobalSection
	GlobalSection(ExtensibilityGlobals) = postSolution
		SolutionGuid = {DCFE1F81-29BB-4942-AB07-B66DA8827D3B}
	EndGlobalSection
EndGlobal
