
Microsoft Visual Studio Solution File, Format Version 12.00
# Visual Studio Version 17
VisualStudioVersion = 17.1.32210.238
MinimumVisualStudioVersion = 10.0.40219.1
Project("{FAE04EC0-301F-11D3-BF4B-00C04F79EFBC}") = "Prototype", "Prototype\Prototype.csproj", "{63CA8B9D-8C28-4223-92D0-42962B0F94AA}"
EndProject
Global
	GlobalSection(SolutionConfigurationPlatforms) = preSolution
		Debug|Any CPU = Debug|Any CPU
		Release|Any CPU = Release|Any CPU
	EndGlobalSection
	GlobalSection(ProjectConfigurationPlatforms) = postSolution
		{63CA8B9D-8C28-4223-92D0-42962B0F94AA}.Debug|Any CPU.ActiveCfg = Debug|Any CPU
		{63CA8B9D-8C28-4223-92D0-42962B0F94AA}.Debug|Any CPU.Build.0 = Debug|Any CPU
		{63CA8B9D-8C28-4223-92D0-42962B0F94AA}.Release|Any CPU.ActiveCfg = Release|Any CPU
		{63CA8B9D-8C28-4223-92D0-42962B0F94AA}.Release|Any CPU.Build.0 = Release|Any CPU
	EndGlobalSection
	GlobalSection(SolutionProperties) = preSolution
		HideSolutionNode = FALSE
	EndGlobalSection
	GlobalSection(ExtensibilityGlobals) = postSolution
		SolutionGuid = {8FEEB358-A83C-4D66-9FC4-13C106395031}
	EndGlobalSection
EndGlobal
