
Microsoft Visual Studio Solution File, Format Version 12.00
# Visual Studio Version 17
VisualStudioVersion = 17.2.32630.192
MinimumVisualStudioVersion = 10.0.40219.1
Project("{FAE04EC0-301F-11D3-BF4B-00C04F79EFBC}") = "Proxy", "Proxy\Proxy.csproj", "{36659CBA-5823-4D52-A1C5-E64F6E537AFC}"
EndProject
Global
	GlobalSection(SolutionConfigurationPlatforms) = preSolution
		Debug|Any CPU = Debug|Any CPU
		Release|Any CPU = Release|Any CPU
	EndGlobalSection
	GlobalSection(ProjectConfigurationPlatforms) = postSolution
		{36659CBA-5823-4D52-A1C5-E64F6E537AFC}.Debug|Any CPU.ActiveCfg = Debug|Any CPU
		{36659CBA-5823-4D52-A1C5-E64F6E537AFC}.Debug|Any CPU.Build.0 = Debug|Any CPU
		{36659CBA-5823-4D52-A1C5-E64F6E537AFC}.Release|Any CPU.ActiveCfg = Release|Any CPU
		{36659CBA-5823-4D52-A1C5-E64F6E537AFC}.Release|Any CPU.Build.0 = Release|Any CPU
	EndGlobalSection
	GlobalSection(SolutionProperties) = preSolution
		HideSolutionNode = FALSE
	EndGlobalSection
	GlobalSection(ExtensibilityGlobals) = postSolution
		SolutionGuid = {767DB43F-541C-4729-A786-2E577E9131AA}
	EndGlobalSection
EndGlobal
